
Microsoft Visual Studio Solution File, Format Version 12.00
# Visual Studio Version 17
VisualStudioVersion = 17.0.31903.59
MinimumVisualStudioVersion = 10.0.40219.1
Project("{2150E333-8FDC-42A3-9474-1A3956D46DE8}") = "src", "src", "{827E0CD3-B72D-47B6-A68D-7590B98EB39B}"
EndProject
Project("{FAE04EC0-301F-11D3-BF4B-00C04F79EFBC}") = "ApiGateway", "src\ApiGateway\ApiGateway.csproj", "{815C6741-D8C1-49E7-B843-0134C61767AC}"
EndProject
Project("{2150E333-8FDC-42A3-9474-1A3956D46DE8}") = "Services", "Services", "{984BB9B3-3FA3-BE33-9484-CAC21695A33C}"
EndProject
Project("{FAE04EC0-301F-11D3-BF4B-00C04F79EFBC}") = "Auth.Service", "src\Services\Auth.Service\Auth.Service.csproj", "{948F6964-B371-4CF7-9645-B6DE436540EE}"
EndProject
Project("{FAE04EC0-301F-11D3-BF4B-00C04F79EFBC}") = "Product.Service", "src\Services\Product.Service\Product.Service.csproj", "{5233501F-B1D2-4111-B4F8-B4EA49A2F9EE}"
EndProject
Project("{FAE04EC0-301F-11D3-BF4B-00C04F79EFBC}") = "Order.Service", "src\Services\Order.Service\Order.Service.csproj", "{D88E1D0E-3E5A-4673-81D2-9812A3A13985}"
EndProject
Project("{FAE04EC0-301F-11D3-BF4B-00C04F79EFBC}") = "Cart.Service", "src\Services\Cart.Service\Cart.Service.csproj", "{1DF5D7A2-A899-46E9-B67A-B8E0181F1069}"
EndProject
Project("{FAE04EC0-301F-11D3-BF4B-00C04F79EFBC}") = "Payment.Service", "src\Services\Payment.Service\Payment.Service.csproj", "{54957A94-A458-4D33-991E-215426216956}"
EndProject
Project("{FAE04EC0-301F-11D3-BF4B-00C04F79EFBC}") = "Notification.Service", "src\Services\Notification.Service\Notification.Service.csproj", "{0DE6B4D8-784B-4A19-B605-21B540E90D8A}"
EndProject
Project("{FAE04EC0-301F-11D3-BF4B-00C04F79EFBC}") = "ECommerce.MessageBus", "src\Shared\Ecommerce.MessageBus\ECommerce.MessageBus.csproj", "{60AC00CB-9C42-B24B-C252-2A5D1DFBFB4F}"
EndProject
Project("{FAE04EC0-301F-11D3-BF4B-00C04F79EFBC}") = "ECommerce.Shared", "src\Shared\Ecommerce.Shared\ECommerce.Shared.csproj", "{7049A373-B1D0-A6A4-F676-B38805216A4A}"
EndProject
Project("{2150E333-8FDC-42A3-9474-1A3956D46DE8}") = "Shared", "Shared", "{02EA681E-C7D8-13C7-8484-4AC65E1B71E8}"
EndProject
Global
	GlobalSection(SolutionConfigurationPlatforms) = preSolution
		Debug|Any CPU = Debug|Any CPU
		Debug|x64 = Debug|x64
		Debug|x86 = Debug|x86
		Release|Any CPU = Release|Any CPU
		Release|x64 = Release|x64
		Release|x86 = Release|x86
	EndGlobalSection
	GlobalSection(ProjectConfigurationPlatforms) = postSolution
		{815C6741-D8C1-49E7-B843-0134C61767AC}.Debug|Any CPU.ActiveCfg = Debug|Any CPU
		{815C6741-D8C1-49E7-B843-0134C61767AC}.Debug|Any CPU.Build.0 = Debug|Any CPU
		{815C6741-D8C1-49E7-B843-0134C61767AC}.Debug|x64.ActiveCfg = Debug|Any CPU
		{815C6741-D8C1-49E7-B843-0134C61767AC}.Debug|x64.Build.0 = Debug|Any CPU
		{815C6741-D8C1-49E7-B843-0134C61767AC}.Debug|x86.ActiveCfg = Debug|Any CPU
		{815C6741-D8C1-49E7-B843-0134C61767AC}.Debug|x86.Build.0 = Debug|Any CPU
		{815C6741-D8C1-49E7-B843-0134C61767AC}.Release|Any CPU.ActiveCfg = Release|Any CPU
		{815C6741-D8C1-49E7-B843-0134C61767AC}.Release|Any CPU.Build.0 = Release|Any CPU
		{815C6741-D8C1-49E7-B843-0134C61767AC}.Release|x64.ActiveCfg = Release|Any CPU
		{815C6741-D8C1-49E7-B843-0134C61767AC}.Release|x64.Build.0 = Release|Any CPU
		{815C6741-D8C1-49E7-B843-0134C61767AC}.Release|x86.ActiveCfg = Release|Any CPU
		{815C6741-D8C1-49E7-B843-0134C61767AC}.Release|x86.Build.0 = Release|Any CPU
		{948F6964-B371-4CF7-9645-B6DE436540EE}.Debug|Any CPU.ActiveCfg = Debug|Any CPU
		{948F6964-B371-4CF7-9645-B6DE436540EE}.Debug|Any CPU.Build.0 = Debug|Any CPU
		{948F6964-B371-4CF7-9645-B6DE436540EE}.Debug|x64.ActiveCfg = Debug|Any CPU
		{948F6964-B371-4CF7-9645-B6DE436540EE}.Debug|x64.Build.0 = Debug|Any CPU
		{948F6964-B371-4CF7-9645-B6DE436540EE}.Debug|x86.ActiveCfg = Debug|Any CPU
		{948F6964-B371-4CF7-9645-B6DE436540EE}.Debug|x86.Build.0 = Debug|Any CPU
		{948F6964-B371-4CF7-9645-B6DE436540EE}.Release|Any CPU.ActiveCfg = Release|Any CPU
		{948F6964-B371-4CF7-9645-B6DE436540EE}.Release|Any CPU.Build.0 = Release|Any CPU
		{948F6964-B371-4CF7-9645-B6DE436540EE}.Release|x64.ActiveCfg = Release|Any CPU
		{948F6964-B371-4CF7-9645-B6DE436540EE}.Release|x64.Build.0 = Release|Any CPU
		{948F6964-B371-4CF7-9645-B6DE436540EE}.Release|x86.ActiveCfg = Release|Any CPU
		{948F6964-B371-4CF7-9645-B6DE436540EE}.Release|x86.Build.0 = Release|Any CPU
		{5233501F-B1D2-4111-B4F8-B4EA49A2F9EE}.Debug|Any CPU.ActiveCfg = Debug|Any CPU
		{5233501F-B1D2-4111-B4F8-B4EA49A2F9EE}.Debug|Any CPU.Build.0 = Debug|Any CPU
		{5233501F-B1D2-4111-B4F8-B4EA49A2F9EE}.Debug|x64.ActiveCfg = Debug|Any CPU
		{5233501F-B1D2-4111-B4F8-B4EA49A2F9EE}.Debug|x64.Build.0 = Debug|Any CPU
		{5233501F-B1D2-4111-B4F8-B4EA49A2F9EE}.Debug|x86.ActiveCfg = Debug|Any CPU
		{5233501F-B1D2-4111-B4F8-B4EA49A2F9EE}.Debug|x86.Build.0 = Debug|Any CPU
		{5233501F-B1D2-4111-B4F8-B4EA49A2F9EE}.Release|Any CPU.ActiveCfg = Release|Any CPU
		{5233501F-B1D2-4111-B4F8-B4EA49A2F9EE}.Release|Any CPU.Build.0 = Release|Any CPU
		{5233501F-B1D2-4111-B4F8-B4EA49A2F9EE}.Release|x64.ActiveCfg = Release|Any CPU
		{5233501F-B1D2-4111-B4F8-B4EA49A2F9EE}.Release|x64.Build.0 = Release|Any CPU
		{5233501F-B1D2-4111-B4F8-B4EA49A2F9EE}.Release|x86.ActiveCfg = Release|Any CPU
		{5233501F-B1D2-4111-B4F8-B4EA49A2F9EE}.Release|x86.Build.0 = Release|Any CPU
		{D88E1D0E-3E5A-4673-81D2-9812A3A13985}.Debug|Any CPU.ActiveCfg = Debug|Any CPU
		{D88E1D0E-3E5A-4673-81D2-9812A3A13985}.Debug|Any CPU.Build.0 = Debug|Any CPU
		{D88E1D0E-3E5A-4673-81D2-9812A3A13985}.Debug|x64.ActiveCfg = Debug|Any CPU
		{D88E1D0E-3E5A-4673-81D2-9812A3A13985}.Debug|x64.Build.0 = Debug|Any CPU
		{D88E1D0E-3E5A-4673-81D2-9812A3A13985}.Debug|x86.ActiveCfg = Debug|Any CPU
		{D88E1D0E-3E5A-4673-81D2-9812A3A13985}.Debug|x86.Build.0 = Debug|Any CPU
		{D88E1D0E-3E5A-4673-81D2-9812A3A13985}.Release|Any CPU.ActiveCfg = Release|Any CPU
		{D88E1D0E-3E5A-4673-81D2-9812A3A13985}.Release|Any CPU.Build.0 = Release|Any CPU
		{D88E1D0E-3E5A-4673-81D2-9812A3A13985}.Release|x64.ActiveCfg = Release|Any CPU
		{D88E1D0E-3E5A-4673-81D2-9812A3A13985}.Release|x64.Build.0 = Release|Any CPU
		{D88E1D0E-3E5A-4673-81D2-9812A3A13985}.Release|x86.ActiveCfg = Release|Any CPU
		{D88E1D0E-3E5A-4673-81D2-9812A3A13985}.Release|x86.Build.0 = Release|Any CPU
		{1DF5D7A2-A899-46E9-B67A-B8E0181F1069}.Debug|Any CPU.ActiveCfg = Debug|Any CPU
		{1DF5D7A2-A899-46E9-B67A-B8E0181F1069}.Debug|Any CPU.Build.0 = Debug|Any CPU
		{1DF5D7A2-A899-46E9-B67A-B8E0181F1069}.Debug|x64.ActiveCfg = Debug|Any CPU
		{1DF5D7A2-A899-46E9-B67A-B8E0181F1069}.Debug|x64.Build.0 = Debug|Any CPU
		{1DF5D7A2-A899-46E9-B67A-B8E0181F1069}.Debug|x86.ActiveCfg = Debug|Any CPU
		{1DF5D7A2-A899-46E9-B67A-B8E0181F1069}.Debug|x86.Build.0 = Debug|Any CPU
		{1DF5D7A2-A899-46E9-B67A-B8E0181F1069}.Release|Any CPU.ActiveCfg = Release|Any CPU
		{1DF5D7A2-A899-46E9-B67A-B8E0181F1069}.Release|Any CPU.Build.0 = Release|Any CPU
		{1DF5D7A2-A899-46E9-B67A-B8E0181F1069}.Release|x64.ActiveCfg = Release|Any CPU
		{1DF5D7A2-A899-46E9-B67A-B8E0181F1069}.Release|x64.Build.0 = Release|Any CPU
		{1DF5D7A2-A899-46E9-B67A-B8E0181F1069}.Release|x86.ActiveCfg = Release|Any CPU
		{1DF5D7A2-A899-46E9-B67A-B8E0181F1069}.Release|x86.Build.0 = Release|Any CPU
		{54957A94-A458-4D33-991E-215426216956}.Debug|Any CPU.ActiveCfg = Debug|Any CPU
		{54957A94-A458-4D33-991E-215426216956}.Debug|Any CPU.Build.0 = Debug|Any CPU
		{54957A94-A458-4D33-991E-215426216956}.Debug|x64.ActiveCfg = Debug|Any CPU
		{54957A94-A458-4D33-991E-215426216956}.Debug|x64.Build.0 = Debug|Any CPU
		{54957A94-A458-4D33-991E-215426216956}.Debug|x86.ActiveCfg = Debug|Any CPU
		{54957A94-A458-4D33-991E-215426216956}.Debug|x86.Build.0 = Debug|Any CPU
		{54957A94-A458-4D33-991E-215426216956}.Release|Any CPU.ActiveCfg = Release|Any CPU
		{54957A94-A458-4D33-991E-215426216956}.Release|Any CPU.Build.0 = Release|Any CPU
		{54957A94-A458-4D33-991E-215426216956}.Release|x64.ActiveCfg = Release|Any CPU
		{54957A94-A458-4D33-991E-215426216956}.Release|x64.Build.0 = Release|Any CPU
		{54957A94-A458-4D33-991E-215426216956}.Release|x86.ActiveCfg = Release|Any CPU
		{54957A94-A458-4D33-991E-215426216956}.Release|x86.Build.0 = Release|Any CPU
		{0DE6B4D8-784B-4A19-B605-21B540E90D8A}.Debug|Any CPU.ActiveCfg = Debug|Any CPU
		{0DE6B4D8-784B-4A19-B605-21B540E90D8A}.Debug|Any CPU.Build.0 = Debug|Any CPU
		{0DE6B4D8-784B-4A19-B605-21B540E90D8A}.Debug|x64.ActiveCfg = Debug|Any CPU
		{0DE6B4D8-784B-4A19-B605-21B540E90D8A}.Debug|x64.Build.0 = Debug|Any CPU
		{0DE6B4D8-784B-4A19-B605-21B540E90D8A}.Debug|x86.ActiveCfg = Debug|Any CPU
		{0DE6B4D8-784B-4A19-B605-21B540E90D8A}.Debug|x86.Build.0 = Debug|Any CPU
		{0DE6B4D8-784B-4A19-B605-21B540E90D8A}.Release|Any CPU.ActiveCfg = Release|Any CPU
		{0DE6B4D8-784B-4A19-B605-21B540E90D8A}.Release|Any CPU.Build.0 = Release|Any CPU
		{0DE6B4D8-784B-4A19-B605-21B540E90D8A}.Release|x64.ActiveCfg = Release|Any CPU
		{0DE6B4D8-784B-4A19-B605-21B540E90D8A}.Release|x64.Build.0 = Release|Any CPU
		{0DE6B4D8-784B-4A19-B605-21B540E90D8A}.Release|x86.ActiveCfg = Release|Any CPU
		{0DE6B4D8-784B-4A19-B605-21B540E90D8A}.Release|x86.Build.0 = Release|Any CPU
		{60AC00CB-9C42-B24B-C252-2A5D1DFBFB4F}.Debug|Any CPU.ActiveCfg = Debug|Any CPU
		{60AC00CB-9C42-B24B-C252-2A5D1DFBFB4F}.Debug|Any CPU.Build.0 = Debug|Any CPU
		{60AC00CB-9C42-B24B-C252-2A5D1DFBFB4F}.Debug|x64.ActiveCfg = Debug|Any CPU
		{60AC00CB-9C42-B24B-C252-2A5D1DFBFB4F}.Debug|x64.Build.0 = Debug|Any CPU
		{60AC00CB-9C42-B24B-C252-2A5D1DFBFB4F}.Debug|x86.ActiveCfg = Debug|Any CPU
		{60AC00CB-9C42-B24B-C252-2A5D1DFBFB4F}.Debug|x86.Build.0 = Debug|Any CPU
		{60AC00CB-9C42-B24B-C252-2A5D1DFBFB4F}.Release|Any CPU.ActiveCfg = Release|Any CPU
		{60AC00CB-9C42-B24B-C252-2A5D1DFBFB4F}.Release|Any CPU.Build.0 = Release|Any CPU
		{60AC00CB-9C42-B24B-C252-2A5D1DFBFB4F}.Release|x64.ActiveCfg = Release|Any CPU
		{60AC00CB-9C42-B24B-C252-2A5D1DFBFB4F}.Release|x64.Build.0 = Release|Any CPU
		{60AC00CB-9C42-B24B-C252-2A5D1DFBFB4F}.Release|x86.ActiveCfg = Release|Any CPU
		{60AC00CB-9C42-B24B-C252-2A5D1DFBFB4F}.Release|x86.Build.0 = Release|Any CPU
		{7049A373-B1D0-A6A4-F676-B38805216A4A}.Debug|Any CPU.ActiveCfg = Debug|Any CPU
		{7049A373-B1D0-A6A4-F676-B38805216A4A}.Debug|Any CPU.Build.0 = Debug|Any CPU
		{7049A373-B1D0-A6A4-F676-B38805216A4A}.Debug|x64.ActiveCfg = Debug|Any CPU
		{7049A373-B1D0-A6A4-F676-B38805216A4A}.Debug|x64.Build.0 = Debug|Any CPU
		{7049A373-B1D0-A6A4-F676-B38805216A4A}.Debug|x86.ActiveCfg = Debug|Any CPU
		{7049A373-B1D0-A6A4-F676-B38805216A4A}.Debug|x86.Build.0 = Debug|Any CPU
		{7049A373-B1D0-A6A4-F676-B38805216A4A}.Release|Any CPU.ActiveCfg = Release|Any CPU
		{7049A373-B1D0-A6A4-F676-B38805216A4A}.Release|Any CPU.Build.0 = Release|Any CPU
		{7049A373-B1D0-A6A4-F676-B38805216A4A}.Release|x64.ActiveCfg = Release|Any CPU
		{7049A373-B1D0-A6A4-F676-B38805216A4A}.Release|x64.Build.0 = Release|Any CPU
		{7049A373-B1D0-A6A4-F676-B38805216A4A}.Release|x86.ActiveCfg = Release|Any CPU
		{7049A373-B1D0-A6A4-F676-B38805216A4A}.Release|x86.Build.0 = Release|Any CPU
	EndGlobalSection
	GlobalSection(SolutionProperties) = preSolution
		HideSolutionNode = FALSE
	EndGlobalSection
	GlobalSection(NestedProjects) = preSolution
		{815C6741-D8C1-49E7-B843-0134C61767AC} = {827E0CD3-B72D-47B6-A68D-7590B98EB39B}
		{984BB9B3-3FA3-BE33-9484-CAC21695A33C} = {827E0CD3-B72D-47B6-A68D-7590B98EB39B}
		{948F6964-B371-4CF7-9645-B6DE436540EE} = {984BB9B3-3FA3-BE33-9484-CAC21695A33C}
		{5233501F-B1D2-4111-B4F8-B4EA49A2F9EE} = {984BB9B3-3FA3-BE33-9484-CAC21695A33C}
		{D88E1D0E-3E5A-4673-81D2-9812A3A13985} = {984BB9B3-3FA3-BE33-9484-CAC21695A33C}
		{1DF5D7A2-A899-46E9-B67A-B8E0181F1069} = {984BB9B3-3FA3-BE33-9484-CAC21695A33C}
		{54957A94-A458-4D33-991E-215426216956} = {984BB9B3-3FA3-BE33-9484-CAC21695A33C}
		{0DE6B4D8-784B-4A19-B605-21B540E90D8A} = {984BB9B3-3FA3-BE33-9484-CAC21695A33C}
		{60AC00CB-9C42-B24B-C252-2A5D1DFBFB4F} = {02EA681E-C7D8-13C7-8484-4AC65E1B71E8}
		{7049A373-B1D0-A6A4-F676-B38805216A4A} = {02EA681E-C7D8-13C7-8484-4AC65E1B71E8}
		{02EA681E-C7D8-13C7-8484-4AC65E1B71E8} = {827E0CD3-B72D-47B6-A68D-7590B98EB39B}
	EndGlobalSection
	GlobalSection(ExtensibilityGlobals) = postSolution
		SolutionGuid = {E0BF6A96-9853-4DAB-A803-07F4008872FE}
	EndGlobalSection
EndGlobal
